// !$*UTF8*$!
{
	archiveVersion = 1;
	classes = {
	};
	objectVersion = 77;
	objects = {

/* Begin PBXContainerItemProxy section */
		178585132E6A8E4200FE5C66 /* PBXContainerItemProxy */ = {
			isa = PBXContainerItemProxy;
			containerPortal = 178584FB2E6A8E4000FE5C66 /* Project object */;
			proxyType = 1;
			remoteGlobalIDString = 178585022E6A8E4000FE5C66;
			remoteInfo = selenium;
		};
		1785851D2E6A8E4200FE5C66 /* PBXContainerItemProxy */ = {
			isa = PBXContainerItemProxy;
			containerPortal = 178584FB2E6A8E4000FE5C66 /* Project object */;
			proxyType = 1;
			remoteGlobalIDString = 178585022E6A8E4000FE5C66;
			remoteInfo = selenium;
		};
/* End PBXContainerItemProxy section */

/* Begin PBXFileReference section */
		178585032E6A8E4000FE5C66 /* selenium.app */ = {isa = PBXFileReference; explicitFileType = wrapper.application; includeInIndex = 0; path = selenium.app; sourceTree = BUILT_PRODUCTS_DIR; };
		178585122E6A8E4200FE5C66 /* seleniumTests.xctest */ = {isa = PBXFileReference; explicitFileType = wrapper.cfbundle; includeInIndex = 0; path = seleniumTests.xctest; sourceTree = BUILT_PRODUCTS_DIR; };
		1785851C2E6A8E4200FE5C66 /* seleniumUITests.xctest */ = {isa = PBXFileReference; explicitFileType = wrapper.cfbundle; includeInIndex = 0; path = seleniumUITests.xctest; sourceTree = BUILT_PRODUCTS_DIR; };
/* End PBXFileReference section */

/* Begin PBXFileSystemSynchronizedRootGroup section */
		178585052E6A8E4000FE5C66 /* selenium */ = {
			isa = PBXFileSystemSynchronizedRootGroup;
			path = selenium;
			sourceTree = "<group>";
		};
		178585152E6A8E4200FE5C66 /* seleniumTests */ = {
			isa = PBXFileSystemSynchronizedRootGroup;
			path = seleniumTests;
			sourceTree = "<group>";
		};
		1785851F2E6A8E4200FE5C66 /* seleniumUITests */ = {
			isa = PBXFileSystemSynchronizedRootGroup;
			path = seleniumUITests;
			sourceTree = "<group>";
		};
/* End PBXFileSystemSynchronizedRootGroup section */

/* Begin PBXFrameworksBuildPhase section */
		178585002E6A8E4000FE5C66 /* Frameworks */ = {
			isa = PBXFrameworksBuildPhase;
			buildActionMask = 2147483647;
			files = (
			);
			runOnlyForDeploymentPostprocessing = 0;
		};
		1785850F2E6A8E4200FE5C66 /* Frameworks */ = {
			isa = PBXFrameworksBuildPhase;
			buildActionMask = 2147483647;
			files = (
			);
			runOnlyForDeploymentPostprocessing = 0;
		};
		178585192E6A8E4200FE5C66 /* Frameworks */ = {
			isa = PBXFrameworksBuildPhase;
			buildActionMask = 2147483647;
			files = (
			);
			runOnlyForDeploymentPostprocessing = 0;
		};
/* End PBXFrameworksBuildPhase section */

/* Begin PBXGroup section */
		178584FA2E6A8E4000FE5C66 = {
			isa = PBXGroup;
			children = (
				178585052E6A8E4000FE5C66 /* selenium */,
				178585152E6A8E4200FE5C66 /* seleniumTests */,
				1785851F2E6A8E4200FE5C66 /* seleniumUITests */,
				178585042E6A8E4000FE5C66 /* Products */,
			);
			sourceTree = "<group>";
		};
		178585042E6A8E4000FE5C66 /* Products */ = {
			isa = PBXGroup;
			children = (
				178585032E6A8E4000FE5C66 /* selenium.app */,
				178585122E6A8E4200FE5C66 /* seleniumTests.xctest */,
				1785851C2E6A8E4200FE5C66 /* seleniumUITests.xctest */,
			);
			name = Products;
			sourceTree = "<group>";
		};
/* End PBXGroup section */

/* Begin PBXNativeTarget section */
		178585022E6A8E4000FE5C66 /* selenium */ = {
			isa = PBXNativeTarget;
			buildConfigurationList = 178585262E6A8E4200FE5C66 /* Build configuration list for PBXNativeTarget "selenium" */;
			buildPhases = (
				178584FF2E6A8E4000FE5C66 /* Sources */,
				178585002E6A8E4000FE5C66 /* Frameworks */,
				178585012E6A8E4000FE5C66 /* Resources */,
			);
			buildRules = (
			);
			dependencies = (
			);
			fileSystemSynchronizedGroups = (
				178585052E6A8E4000FE5C66 /* selenium */,
			);
			name = selenium;
			packageProductDependencies = (
			);
			productName = selenium;
			productReference = 178585032E6A8E4000FE5C66 /* selenium.app */;
			productType = "com.apple.product-type.application";
		};
		178585112E6A8E4200FE5C66 /* seleniumTests */ = {
			isa = PBXNativeTarget;
			buildConfigurationList = 178585292E6A8E4200FE5C66 /* Build configuration list for PBXNativeTarget "seleniumTests" */;
			buildPhases = (
				1785850E2E6A8E4200FE5C66 /* Sources */,
				1785850F2E6A8E4200FE5C66 /* Frameworks */,
				178585102E6A8E4200FE5C66 /* Resources */,
			);
			buildRules = (
			);
			dependencies = (
				178585142E6A8E4200FE5C66 /* PBXTargetDependency */,
			);
			fileSystemSynchronizedGroups = (
				178585152E6A8E4200FE5C66 /* seleniumTests */,
			);
			name = seleniumTests;
			packageProductDependencies = (
			);
			productName = seleniumTests;
			productReference = 178585122E6A8E4200FE5C66 /* seleniumTests.xctest */;
			productType = "com.apple.product-type.bundle.unit-test";
		};
		1785851B2E6A8E4200FE5C66 /* seleniumUITests */ = {
			isa = PBXNativeTarget;
			buildConfigurationList = 1785852C2E6A8E4200FE5C66 /* Build configuration list for PBXNativeTarget "seleniumUITests" */;
			buildPhases = (
				178585182E6A8E4200FE5C66 /* Sources */,
				178585192E6A8E4200FE5C66 /* Frameworks */,
				1785851A2E6A8E4200FE5C66 /* Resources */,
			);
			buildRules = (
			);
			dependencies = (
				1785851E2E6A8E4200FE5C66 /* PBXTargetDependency */,
			);
			fileSystemSynchronizedGroups = (
				1785851F2E6A8E4200FE5C66 /* seleniumUITests */,
			);
			name = seleniumUITests;
			packageProductDependencies = (
			);
			productName = seleniumUITests;
			productReference = 1785851C2E6A8E4200FE5C66 /* seleniumUITests.xctest */;
			productType = "com.apple.product-type.bundle.ui-testing";
		};
/* End PBXNativeTarget section */

/* Begin PBXProject section */
		178584FB2E6A8E4000FE5C66 /* Project object */ = {
			isa = PBXProject;
			attributes = {
				BuildIndependentTargetsInParallel = 1;
				LastSwiftUpdateCheck = 1640;
				LastUpgradeCheck = 1640;
				TargetAttributes = {
					178585022E6A8E4000FE5C66 = {
						CreatedOnToolsVersion = 16.4;
					};
					178585112E6A8E4200FE5C66 = {
						CreatedOnToolsVersion = 16.4;
						TestTargetID = 178585022E6A8E4000FE5C66;
					};
					1785851B2E6A8E4200FE5C66 = {
						CreatedOnToolsVersion = 16.4;
						TestTargetID = 178585022E6A8E4000FE5C66;
					};
				};
			};
			buildConfigurationList = 178584FE2E6A8E4000FE5C66 /* Build configuration list for PBXProject "selenium" */;
			developmentRegion = en;
			hasScannedForEncodings = 0;
			knownRegions = (
				en,
				Base,
			);
			mainGroup = 178584FA2E6A8E4000FE5C66;
			minimizedProjectReferenceProxies = 1;
			preferredProjectObjectVersion = 77;
			productRefGroup = 178585042E6A8E4000FE5C66 /* Products */;
			projectDirPath = "";
			projectRoot = "";
			targets = (
				178585022E6A8E4000FE5C66 /* selenium */,
				178585112E6A8E4200FE5C66 /* seleniumTests */,
				1785851B2E6A8E4200FE5C66 /* seleniumUITests */,
			);
		};
/* End PBXProject section */

/* Begin PBXResourcesBuildPhase section */
		178585012E6A8E4000FE5C66 /* Resources */ = {
			isa = PBXResourcesBuildPhase;
			buildActionMask = 2147483647;
			files = (
			);
			runOnlyForDeploymentPostprocessing = 0;
		};
		178585102E6A8E4200FE5C66 /* Resources */ = {
			isa = PBXResourcesBuildPhase;
			buildActionMask = 2147483647;
			files = (
			);
			runOnlyForDeploymentPostprocessing = 0;
		};
		1785851A2E6A8E4200FE5C66 /* Resources */ = {
			isa = PBXResourcesBuildPhase;
			buildActionMask = 2147483647;
			files = (
			);
			runOnlyForDeploymentPostprocessing = 0;
		};
/* End PBXResourcesBuildPhase section */

/* Begin PBXSourcesBuildPhase section */
		178584FF2E6A8E4000FE5C66 /* Sources */ = {
			isa = PBXSourcesBuildPhase;
			buildActionMask = 2147483647;
			files = (
			);
			runOnlyForDeploymentPostprocessing = 0;
		};
		1785850E2E6A8E4200FE5C66 /* Sources */ = {
			isa = PBXSourcesBuildPhase;
			buildActionMask = 2147483647;
			files = (
			);
			runOnlyForDeploymentPostprocessing = 0;
		};
		178585182E6A8E4200FE5C66 /* Sources */ = {
			isa = PBXSourcesBuildPhase;
			buildActionMask = 2147483647;
			files = (
			);
			runOnlyForDeploymentPostprocessing = 0;
		};
/* End PBXSourcesBuildPhase section */

/* Begin PBXTargetDependency section */
		178585142E6A8E4200FE5C66 /* PBXTargetDependency */ = {
			isa = PBXTargetDependency;
			target = 178585022E6A8E4000FE5C66 /* selenium */;
			targetProxy = 178585132E6A8E4200FE5C66 /* PBXContainerItemProxy */;
		};
		1785851E2E6A8E4200FE5C66 /* PBXTargetDependency */ = {
			isa = PBXTargetDependency;
			target = 178585022E6A8E4000FE5C66 /* selenium */;
			targetProxy = 1785851D2E6A8E4200FE5C66 /* PBXContainerItemProxy */;
		};
/* End PBXTargetDependency section */

/* Begin XCBuildConfiguration section */
		178585242E6A8E4200FE5C66 /* Debug */ = {
			isa = XCBuildConfiguration;
			buildSettings = {
				ALWAYS_SEARCH_USER_PATHS = NO;
				ASSETCATALOG_COMPILER_GENERATE_SWIFT_ASSET_SYMBOL_EXTENSIONS = YES;
				CLANG_ANALYZER_NONNULL = YES;
				CLANG_ANALYZER_NUMBER_OBJECT_CONVERSION = YES_AGGRESSIVE;
				CLANG_CXX_LANGUAGE_STANDARD = "gnu++20";
				CLANG_ENABLE_MODULES = YES;
				CLANG_ENABLE_OBJC_ARC = YES;
				CLANG_ENABLE_OBJC_WEAK = YES;
				CLANG_WARN_BLOCK_CAPTURE_AUTORELEASING = YES;
				CLANG_WARN_BOOL_CONVERSION = YES;
				CLANG_WARN_COMMA = YES;
				CLANG_WARN_CONSTANT_CONVERSION = YES;
				CLANG_WARN_DEPRECATED_OBJC_IMPLEMENTATIONS = YES;
				CLANG_WARN_DIRECT_OBJC_ISA_USAGE = YES_ERROR;
				CLANG_WARN_DOCUMENTATION_COMMENTS = YES;
				CLANG_WARN_EMPTY_BODY = YES;
				CLANG_WARN_ENUM_CONVERSION = YES;
				CLANG_WARN_INFINITE_RECURSION = YES;
				CLANG_WARN_INT_CONVERSION = YES;
				CLANG_WARN_NON_LITERAL_NULL_CONVERSION = YES;
				CLANG_WARN_OBJC_IMPLICIT_RETAIN_SELF = YES;
				CLANG_WARN_OBJC_LITERAL_CONVERSION = YES;
				CLANG_WARN_OBJC_ROOT_CLASS = YES_ERROR;
				CLANG_WARN_QUOTED_INCLUDE_IN_FRAMEWORK_HEADER = YES;
				CLANG_WARN_RANGE_LOOP_ANALYSIS = YES;
				CLANG_WARN_STRICT_PROTOTYPES = YES;
				CLANG_WARN_SUSPICIOUS_MOVE = YES;
				CLANG_WARN_UNGUARDED_AVAILABILITY = YES_AGGRESSIVE;
				CLANG_WARN_UNREACHABLE_CODE = YES;
				CLANG_WARN__DUPLICATE_METHOD_MATCH = YES;
				COPY_PHASE_STRIP = NO;
				DEBUG_INFORMATION_FORMAT = dwarf;
				DEVELOPMENT_TEAM = AVSVTS4UZ4;
				ENABLE_STRICT_OBJC_MSGSEND = YES;
				ENABLE_TESTABILITY = YES;
				ENABLE_USER_SCRIPT_SANDBOXING = YES;
				GCC_C_LANGUAGE_STANDARD = gnu17;
				GCC_DYNAMIC_NO_PIC = NO;
				GCC_NO_COMMON_BLOCKS = YES;
				GCC_OPTIMIZATION_LEVEL = 0;
				GCC_PREPROCESSOR_DEFINITIONS = (
					"DEBUG=1",
					"$(inherited)",
				);
				GCC_WARN_64_TO_32_BIT_CONVERSION = YES;
				GCC_WARN_ABOUT_RETURN_TYPE = YES_ERROR;
				GCC_WARN_UNDECLARED_SELECTOR = YES;
				GCC_WARN_UNINITIALIZED_AUTOS = YES_AGGRESSIVE;
				GCC_WARN_UNUSED_FUNCTION = YES;
				GCC_WARN_UNUSED_VARIABLE = YES;
				IPHONEOS_DEPLOYMENT_TARGET = 18.5;
				LOCALIZATION_PREFERS_STRING_CATALOGS = YES;
				MTL_ENABLE_DEBUG_INFO = INCLUDE_SOURCE;
				MTL_FAST_MATH = YES;
				ONLY_ACTIVE_ARCH = YES;
				SDKROOT = iphoneos;
				SWIFT_ACTIVE_COMPILATION_CONDITIONS = "DEBUG $(inherited)";
				SWIFT_OPTIMIZATION_LEVEL = "-Onone";
			};
			name = Debug;
		};
		178585252E6A8E4200FE5C66 /* Release */ = {
			isa = XCBuildConfiguration;
			buildSettings = {
				ALWAYS_SEARCH_USER_PATHS = NO;
				ASSETCATALOG_COMPILER_GENERATE_SWIFT_ASSET_SYMBOL_EXTENSIONS = YES;
				CLANG_ANALYZER_NONNULL = YES;
				CLANG_ANALYZER_NUMBER_OBJECT_CONVERSION = YES_AGGRESSIVE;
				CLANG_CXX_LANGUAGE_STANDARD = "gnu++20";
				CLANG_ENABLE_MODULES = YES;
				CLANG_ENABLE_OBJC_ARC = YES;
				CLANG_ENABLE_OBJC_WEAK = YES;
				CLANG_WARN_BLOCK_CAPTURE_AUTORELEASING = YES;
				CLANG_WARN_BOOL_CONVERSION = YES;
				CLANG_WARN_COMMA = YES;
				CLANG_WARN_CONSTANT_CONVERSION = YES;
				CLANG_WARN_DEPRECATED_OBJC_IMPLEMENTATIONS = YES;
				CLANG_WARN_DIRECT_OBJC_ISA_USAGE = YES_ERROR;
				CLANG_WARN_DOCUMENTATION_COMMENTS = YES;
				CLANG_WARN_EMPTY_BODY = YES;
				CLANG_WARN_ENUM_CONVERSION = YES;
				CLANG_WARN_INFINITE_RECURSION = YES;
				CLANG_WARN_INT_CONVERSION = YES;
				CLANG_WARN_NON_LITERAL_NULL_CONVERSION = YES;
				CLANG_WARN_OBJC_IMPLICIT_RETAIN_SELF = YES;
				CLANG_WARN_OBJC_LITERAL_CONVERSION = YES;
				CLANG_WARN_OBJC_ROOT_CLASS = YES_ERROR;
				CLANG_WARN_QUOTED_INCLUDE_IN_FRAMEWORK_HEADER = YES;
				CLANG_WARN_RANGE_LOOP_ANALYSIS = YES;
				CLANG_WARN_STRICT_PROTOTYPES = YES;
				CLANG_WARN_SUSPICIOUS_MOVE = YES;
				CLANG_WARN_UNGUARDED_AVAILABILITY = YES_AGGRESSIVE;
				CLANG_WARN_UNREACHABLE_CODE = YES;
				CLANG_WARN__DUPLICATE_METHOD_MATCH = YES;
				COPY_PHASE_STRIP = NO;
				DEBUG_INFORMATION_FORMAT = "dwarf-with-dsym";
				DEVELOPMENT_TEAM = AVSVTS4UZ4;
				ENABLE_NS_ASSERTIONS = NO;
				ENABLE_STRICT_OBJC_MSGSEND = YES;
				ENABLE_USER_SCRIPT_SANDBOXING = YES;
				GCC_C_LANGUAGE_STANDARD = gnu17;
				GCC_NO_COMMON_BLOCKS = YES;
				GCC_WARN_64_TO_32_BIT_CONVERSION = YES;
				GCC_WARN_ABOUT_RETURN_TYPE = YES_ERROR;
				GCC_WARN_UNDECLARED_SELECTOR = YES;
				GCC_WARN_UNINITIALIZED_AUTOS = YES_AGGRESSIVE;
				GCC_WARN_UNUSED_FUNCTION = YES;
				GCC_WARN_UNUSED_VARIABLE = YES;
				IPHONEOS_DEPLOYMENT_TARGET = 18.5;
				LOCALIZATION_PREFERS_STRING_CATALOGS = YES;
				MTL_ENABLE_DEBUG_INFO = NO;
				MTL_FAST_MATH = YES;
				SDKROOT = iphoneos;
				SWIFT_COMPILATION_MODE = wholemodule;
				VALIDATE_PRODUCT = YES;
			};
			name = Release;
		};
		178585272E6A8E4200FE5C66 /* Debug */ = {
			isa = XCBuildConfiguration;
			buildSettings = {
				ASSETCATALOG_COMPILER_APPICON_NAME = AppIcon;
				ASSETCATALOG_COMPILER_GLOBAL_ACCENT_COLOR_NAME = AccentColor;
				CODE_SIGN_STYLE = Automatic;
				CURRENT_PROJECT_VERSION = 1;
				DEVELOPMENT_TEAM = AVSVTS4UZ4;
				ENABLE_PREVIEWS = YES;
				GENERATE_INFOPLIST_FILE = YES;
				INFOPLIST_KEY_NSCameraUsageDescription = "Needs camera access for light meter.";
				INFOPLIST_KEY_NSPhotoLibraryAddUsageDescription = "Save captured meter photos.";
				INFOPLIST_KEY_UIApplicationSceneManifest_Generation = YES;
				INFOPLIST_KEY_UIApplicationSupportsIndirectInputEvents = YES;
				INFOPLIST_KEY_UILaunchScreen_Generation = YES;
				INFOPLIST_KEY_UISupportedInterfaceOrientations_iPad = "UIInterfaceOrientationPortrait UIInterfaceOrientationPortraitUpsideDown UIInterfaceOrientationLandscapeLeft UIInterfaceOrientationLandscapeRight";
				INFOPLIST_KEY_UISupportedInterfaceOrientations_iPhone = "UIInterfaceOrientationPortrait UIInterfaceOrientationLandscapeLeft UIInterfaceOrientationLandscapeRight";
				LD_RUNPATH_SEARCH_PATHS = (
					"$(inherited)",
					"@executable_path/Frameworks",
				);
				MARKETING_VERSION = 1.0;
				PRODUCT_BUNDLE_IDENTIFIER = com.zainkarim.selenium;
				PRODUCT_NAME = "$(TARGET_NAME)";
				SWIFT_EMIT_LOC_STRINGS = YES;
				SWIFT_VERSION = 5.0;
				TARGETED_DEVICE_FAMILY = "1,2";
			};
			name = Debug;
		};
		178585282E6A8E4200FE5C66 /* Release */ = {
			isa = XCBuildConfiguration;
			buildSettings = {
				ASSETCATALOG_COMPILER_APPICON_NAME = AppIcon;
				ASSETCATALOG_COMPILER_GLOBAL_ACCENT_COLOR_NAME = AccentColor;
				CODE_SIGN_STYLE = Automatic;
				CURRENT_PROJECT_VERSION = 1;
				DEVELOPMENT_TEAM = AVSVTS4UZ4;
				ENABLE_PREVIEWS = YES;
				GENERATE_INFOPLIST_FILE = YES;
				INFOPLIST_KEY_NSCameraUsageDescription = "Needs camera access for light meter.";
				INFOPLIST_KEY_NSPhotoLibraryAddUsageDescription = "Save captured meter photos.";
				INFOPLIST_KEY_UIApplicationSceneManifest_Generation = YES;
				INFOPLIST_KEY_UIApplicationSupportsIndirectInputEvents = YES;
				INFOPLIST_KEY_UILaunchScreen_Generation = YES;
				INFOPLIST_KEY_UISupportedInterfaceOrientations_iPad = "UIInterfaceOrientationPortrait UIInterfaceOrientationPortraitUpsideDown UIInterfaceOrientationLandscapeLeft UIInterfaceOrientationLandscapeRight";
				INFOPLIST_KEY_UISupportedInterfaceOrientations_iPhone = "UIInterfaceOrientationPortrait UIInterfaceOrientationLandscapeLeft UIInterfaceOrientationLandscapeRight";
				LD_RUNPATH_SEARCH_PATHS = (
					"$(inherited)",
					"@executable_path/Frameworks",
				);
				MARKETING_VERSION = 1.0;
				PRODUCT_BUNDLE_IDENTIFIER = com.zainkarim.selenium;
				PRODUCT_NAME = "$(TARGET_NAME)";
				SWIFT_EMIT_LOC_STRINGS = YES;
				SWIFT_VERSION = 5.0;
				TARGETED_DEVICE_FAMILY = "1,2";
			};
			name = Release;
		};
		1785852A2E6A8E4200FE5C66 /* Debug */ = {
			isa = XCBuildConfiguration;
			buildSettings = {
				BUNDLE_LOADER = "$(TEST_HOST)";
				CODE_SIGN_STYLE = Automatic;
				CURRENT_PROJECT_VERSION = 1;
				DEVELOPMENT_TEAM = AVSVTS4UZ4;
				GENERATE_INFOPLIST_FILE = YES;
				IPHONEOS_DEPLOYMENT_TARGET = 18.5;
				MARKETING_VERSION = 1.0;
				PRODUCT_BUNDLE_IDENTIFIER = com.zainkarim.seleniumTests;
				PRODUCT_NAME = "$(TARGET_NAME)";
				SWIFT_EMIT_LOC_STRINGS = NO;
				SWIFT_VERSION = 5.0;
				TARGETED_DEVICE_FAMILY = "1,2";
				TEST_HOST = "$(BUILT_PRODUCTS_DIR)/selenium.app/$(BUNDLE_EXECUTABLE_FOLDER_PATH)/selenium";
			};
			name = Debug;
		};
		1785852B2E6A8E4200FE5C66 /* Release */ = {
			isa = XCBuildConfiguration;
			buildSettings = {
				BUNDLE_LOADER = "$(TEST_HOST)";
				CODE_SIGN_STYLE = Automatic;
				CURRENT_PROJECT_VERSION = 1;
				DEVELOPMENT_TEAM = AVSVTS4UZ4;
				GENERATE_INFOPLIST_FILE = YES;
				IPHONEOS_DEPLOYMENT_TARGET = 18.5;
				MARKETING_VERSION = 1.0;
				PRODUCT_BUNDLE_IDENTIFIER = com.zainkarim.seleniumTests;
				PRODUCT_NAME = "$(TARGET_NAME)";
				SWIFT_EMIT_LOC_STRINGS = NO;
				SWIFT_VERSION = 5.0;
				TARGETED_DEVICE_FAMILY = "1,2";
				TEST_HOST = "$(BUILT_PRODUCTS_DIR)/selenium.app/$(BUNDLE_EXECUTABLE_FOLDER_PATH)/selenium";
			};
			name = Release;
		};
		1785852D2E6A8E4200FE5C66 /* Debug */ = {
			isa = XCBuildConfiguration;
			buildSettings = {
				CODE_SIGN_STYLE = Automatic;
				CURRENT_PROJECT_VERSION = 1;
				DEVELOPMENT_TEAM = AVSVTS4UZ4;
				GENERATE_INFOPLIST_FILE = YES;
				MARKETING_VERSION = 1.0;
				PRODUCT_BUNDLE_IDENTIFIER = com.zainkarim.seleniumUITests;
				PRODUCT_NAME = "$(TARGET_NAME)";
				SWIFT_EMIT_LOC_STRINGS = NO;
				SWIFT_VERSION = 5.0;
				TARGETED_DEVICE_FAMILY = "1,2";
				TEST_TARGET_NAME = selenium;
			};
			name = Debug;
		};
		1785852E2E6A8E4200FE5C66 /* Release */ = {
			isa = XCBuildConfiguration;
			buildSettings = {
				CODE_SIGN_STYLE = Automatic;
				CURRENT_PROJECT_VERSION = 1;
				DEVELOPMENT_TEAM = AVSVTS4UZ4;
				GENERATE_INFOPLIST_FILE = YES;
				MARKETING_VERSION = 1.0;
				PRODUCT_BUNDLE_IDENTIFIER = com.zainkarim.seleniumUITests;
				PRODUCT_NAME = "$(TARGET_NAME)";
				SWIFT_EMIT_LOC_STRINGS = NO;
				SWIFT_VERSION = 5.0;
				TARGETED_DEVICE_FAMILY = "1,2";
				TEST_TARGET_NAME = selenium;
			};
			name = Release;
		};
/* End XCBuildConfiguration section */

/* Begin XCConfigurationList section */
		178584FE2E6A8E4000FE5C66 /* Build configuration list for PBXProject "selenium" */ = {
			isa = XCConfigurationList;
			buildConfigurations = (
				178585242E6A8E4200FE5C66 /* Debug */,
				178585252E6A8E4200FE5C66 /* Release */,
			);
			defaultConfigurationIsVisible = 0;
			defaultConfigurationName = Release;
		};
		178585262E6A8E4200FE5C66 /* Build configuration list for PBXNativeTarget "selenium" */ = {
			isa = XCConfigurationList;
			buildConfigurations = (
				178585272E6A8E4200FE5C66 /* Debug */,
				178585282E6A8E4200FE5C66 /* Release */,
			);
			defaultConfigurationIsVisible = 0;
			defaultConfigurationName = Release;
		};
		178585292E6A8E4200FE5C66 /* Build configuration list for PBXNativeTarget "seleniumTests" */ = {
			isa = XCConfigurationList;
			buildConfigurations = (
				1785852A2E6A8E4200FE5C66 /* Debug */,
				1785852B2E6A8E4200FE5C66 /* Release */,
			);
			defaultConfigurationIsVisible = 0;
			defaultConfigurationName = Release;
		};
		1785852C2E6A8E4200FE5C66 /* Build configuration list for PBXNativeTarget "seleniumUITests" */ = {
			isa = XCConfigurationList;
			buildConfigurations = (
				1785852D2E6A8E4200FE5C66 /* Debug */,
				1785852E2E6A8E4200FE5C66 /* Release */,
			);
			defaultConfigurationIsVisible = 0;
			defaultConfigurationName = Release;
		};
/* End XCConfigurationList section */
	};
	rootObject = 178584FB2E6A8E4000FE5C66 /* Project object */;
}
